PODS:
  - CameraBackground (1.4.1):
    - CameraBackground/Resources (= 1.4.1)
    - MiniLayout
    - MultiToggleButton
  - CameraBackground/Resources (1.4.1):
    - MiniLayout
    - MultiToggleButton
  - Firebase/CoreOnly (5.6.0):
    - FirebaseCore (= 5.1.1)
  - Firebase/MLVision (5.6.0):
    - Firebase/CoreOnly
    - FirebaseMLVision (= 0.11.0)
  - Firebase/MLVisionTextModel (5.6.0):
    - Firebase/CoreOnly
    - FirebaseMLVisionTextModel (= 0.11.0)
  - FirebaseCore (5.1.1):
    - GoogleUtilities/Logger (~> 5.2)
  - FirebaseMLCommon (0.11.0):
    - FirebaseCore (~> 5.1)
  - FirebaseMLVision (0.11.0):
    - FirebaseCore (~> 5.1)
    - FirebaseMLCommon (~> 0.11)
    - GoogleAPIClientForREST/Core (~> 1.3)
    - GoogleAPIClientForREST/Vision (~> 1.3)
    - GoogleMobileVision/Detector (~> 1.3)
  - FirebaseMLVisionTextModel (0.11.0):
    - GoogleMobileVision/TextDetector (~> 1.3)
  - FLAnimatedImage (1.0.12)
  - GoogleAPIClientForREST/Core (1.3.6):
    - GTMSessionFetcher (>= 1.1.7)
  - GoogleAPIClientForREST/Vision (1.3.6):
    - GoogleAPIClientForREST/Core
    - GTMSessionFetcher (>= 1.1.7)
  - GoogleMobileVision/Detector (1.3.2):
    - GoogleToolboxForMac/Logger (~> 2.1)
    - "GoogleToolboxForMac/NSData+zlib (~> 2.1)"
    - GTMSessionFetcher/Core (~> 1.1)
    - Protobuf (~> 3.1)
  - GoogleMobileVision/TextDetector (1.3.2):
    - GoogleMobileVision/Detector (~> 1.3)
  - GoogleToolboxForMac/Defines (2.1.4)
  - GoogleToolboxForMac/Logger (2.1.4):
    - GoogleToolboxForMac/Defines (= 2.1.4)
  - "GoogleToolboxForMac/NSData+zlib (2.1.4)":
    - GoogleToolboxForMac/Defines (= 2.1.4)
  - GoogleUtilities/Environment (5.2.2)
  - GoogleUtilities/Logger (5.2.2):
    - GoogleUtilities/Environment
  - GTMSessionFetcher (1.2.0):
    - GTMSessionFetcher/Full (= 1.2.0)
  - GTMSessionFetcher/Core (1.2.0)
  - GTMSessionFetcher/Full (1.2.0):
    - GTMSessionFetcher/Core (= 1.2.0)
  - MiniLayout (1.2.1)
  - MultiToggleButton (1.7.1)
  - Protobuf (3.6.1)

DEPENDENCIES:
  - CameraBackground
  - Firebase/MLVision
  - Firebase/MLVisionTextModel
  - FLAnimatedImage

SPEC REPOS:
  https://github.com/cocoapods/specs.git:
    - CameraBackground
    - Firebase
    - FirebaseCore
    - FirebaseMLCommon
    - FirebaseMLVision
    - FirebaseMLVisionTextModel
    - FLAnimatedImage
    - GoogleAPIClientForREST
    - GoogleMobileVision
    - GoogleToolboxForMac
    - GoogleUtilities
    - GTMSessionFetcher
    - MiniLayout
    - MultiToggleButton
    - Protobuf

SPEC CHECKSUMS:
  CameraBackground: f1bb3aa4ca6f33d54bacb43c9ff71e70ea01a616
  Firebase: 75ea9e232eefa158c1049028030b8f661a2ccb62
  FirebaseCore: cb9ee75e0894def766167c95a4d5a14b1c138269
  FirebaseMLCommon: 285b93416df5f37164ad08795cb799f253fda549
  FirebaseMLVision: b2a14ec0d0d885b6b0d0c04825794715cb755c3e
  FirebaseMLVisionTextModel: 52a42f7d723e3d2d7d68ca8269722c9b36cd4892
  FLAnimatedImage: 4a0b56255d9b05f18b6dd7ee06871be5d3b89e31
  GoogleAPIClientForREST: 5b95b38a0fa912e8ac7bdcf9e124578ef1a61bf2
  GoogleMobileVision: 6b0a3a2dae1974ec35d80fdeeacc3a03193642e0
  GoogleToolboxForMac: 91c824d21e85b31c2aae9bb011c5027c9b4e738f
  GoogleUtilities: 06b66f9567769a7958db20a92f0128b2843e49d5
  GTMSessionFetcher: 0c4baf0a73acd0041bf9f71ea018deedab5ea84e
  MiniLayout: 9ee6ff0d73c1c2af09251e062e9b45d012e446fb
  MultiToggleButton: 65321595e53626b4c79fa058f9c48a29a5055a7c
  Protobuf: 1eb9700044745f00181c136ef21b8ff3ad5a0fd5

PODFILE CHECKSUM: 26f75914851f80d0adfb141160904c96c45143ee

COCOAPODS: 1.5.3
